// !$*UTF8*$!
{
	archiveVersion = 1;
	classes = {
	};
	objectVersion = 50;
	objects = {

/* Begin PBXBuildFile section */
		524EB63F69BE1510BEB0BA39 /* libPods-BanRegio.a in Frameworks */ = {isa = PBXBuildFile; fileRef = 53AD273F428A2485C2932C2F /* libPods-BanRegio.a */; };
		CC29D60920901EC300B1E0DD /* AppDelegate.m in Sources */ = {isa = PBXBuildFile; fileRef = CC29D60820901EC300B1E0DD /* AppDelegate.m */; };
		CC29D60C20901EC300B1E0DD /* LoginViewController.m in Sources */ = {isa = PBXBuildFile; fileRef = CC29D60B20901EC300B1E0DD /* LoginViewController.m */; };
		CC29D61120901EC900B1E0DD /* Assets.xcassets in Resources */ = {isa = PBXBuildFile; fileRef = CC29D61020901EC900B1E0DD /* Assets.xcassets */; };
		CC29D61420901EC900B1E0DD /* LaunchScreen.storyboard in Resources */ = {isa = PBXBuildFile; fileRef = CC29D61220901EC900B1E0DD /* LaunchScreen.storyboard */; };
		CC29D61720901EC900B1E0DD /* main.m in Sources */ = {isa = PBXBuildFile; fileRef = CC29D61620901EC900B1E0DD /* main.m */; };
		CC29D622209032C900B1E0DD /* LoginViewController.xib in Resources */ = {isa = PBXBuildFile; fileRef = CC29D621209032C900B1E0DD /* LoginViewController.xib */; };
		CC29D627209036E300B1E0DD /* Colors.m in Sources */ = {isa = PBXBuildFile; fileRef = CC29D626209036E300B1E0DD /* Colors.m */; };
		CC29D62A209037AC00B1E0DD /* Fonts.m in Sources */ = {isa = PBXBuildFile; fileRef = CC29D629209037AC00B1E0DD /* Fonts.m */; };
		CC29D62D2090390500B1E0DD /* Styles.m in Sources */ = {isa = PBXBuildFile; fileRef = CC29D62C2090390500B1E0DD /* Styles.m */; };
		CC29D63320903BBD00B1E0DD /* Utils.m in Sources */ = {isa = PBXBuildFile; fileRef = CC29D63220903BBD00B1E0DD /* Utils.m */; };
		CC29D63A20917AA500B1E0DD /* Localizable.strings in Resources */ = {isa = PBXBuildFile; fileRef = CC29D63C20917AA500B1E0DD /* Localizable.strings */; };
		CC29D6402091896000B1E0DD /* UITextForm.m in Sources */ = {isa = PBXBuildFile; fileRef = CC29D63F2091896000B1E0DD /* UITextForm.m */; };
		CC29D64320918C2F00B1E0DD /* Constants.m in Sources */ = {isa = PBXBuildFile; fileRef = CC29D64220918C2F00B1E0DD /* Constants.m */; };
		CC29D6472092C22F00B1E0DD /* WSCaller.m in Sources */ = {isa = PBXBuildFile; fileRef = CC29D6462092C22F00B1E0DD /* WSCaller.m */; };
		CC29D64A2092D29500B1E0DD /* LoginInteractor.m in Sources */ = {isa = PBXBuildFile; fileRef = CC29D6492092D29500B1E0DD /* LoginInteractor.m */; };
		CC29D64C2092D70F00B1E0DD /* SystemConfiguration.framework in Frameworks */ = {isa = PBXBuildFile; fileRef = CC29D64B2092D70F00B1E0DD /* SystemConfiguration.framework */; };
		CC29D6502092D9E700B1E0DD /* Reachability.m in Sources */ = {isa = PBXBuildFile; fileRef = CC29D64F2092D9E700B1E0DD /* Reachability.m */; };
		CC29D6562092DA8300B1E0DD /* InternetResponse.m in Sources */ = {isa = PBXBuildFile; fileRef = CC29D6552092DA8300B1E0DD /* InternetResponse.m */; };
		CC29D65A2092DCEB00B1E0DD /* TextValidations.m in Sources */ = {isa = PBXBuildFile; fileRef = CC29D6592092DCEB00B1E0DD /* TextValidations.m */; };
		CC29D65D2092E74E00B1E0DD /* Animations.m in Sources */ = {isa = PBXBuildFile; fileRef = CC29D65C2092E74E00B1E0DD /* Animations.m */; };
		CC29D6602094D11800B1E0DD /* WSFacade.m in Sources */ = {isa = PBXBuildFile; fileRef = CC29D65F2094D11800B1E0DD /* WSFacade.m */; };
		CC29D6642094D58D00B1E0DD /* UserVO.m in Sources */ = {isa = PBXBuildFile; fileRef = CC29D6632094D58D00B1E0DD /* UserVO.m */; };
		CC29D6692094EC7C00B1E0DD /* YBHud.m in Sources */ = {isa = PBXBuildFile; fileRef = CC29D6682094EC7C00B1E0DD /* YBHud.m */; };
		CC29D66E2094EE3E00B1E0DD /* HomeViewController.m in Sources */ = {isa = PBXBuildFile; fileRef = CC29D66C2094EE3E00B1E0DD /* HomeViewController.m */; };
		CC29D66F2094EE3E00B1E0DD /* HomeViewController.xib in Resources */ = {isa = PBXBuildFile; fileRef = CC29D66D2094EE3E00B1E0DD /* HomeViewController.xib */; };
		CC29D6752094EEFC00B1E0DD /* AlertViewController.m in Sources */ = {isa = PBXBuildFile; fileRef = CC29D6732094EEFC00B1E0DD /* AlertViewController.m */; };
		CC29D6762094EEFC00B1E0DD /* AlertViewController.xib in Resources */ = {isa = PBXBuildFile; fileRef = CC29D6742094EEFC00B1E0DD /* AlertViewController.xib */; };
		CC29D67B20961FFB00B1E0DD /* AskPermissionsViewController.m in Sources */ = {isa = PBXBuildFile; fileRef = CC29D67A20961FFB00B1E0DD /* AskPermissionsViewController.m */; };
		CC29D67E209627A000B1E0DD /* ActionSheets.m in Sources */ = {isa = PBXBuildFile; fileRef = CC29D67D209627A000B1E0DD /* ActionSheets.m */; };
		CC29D68120962DE600B1E0DD /* AskPermissionsViewController.xib in Resources */ = {isa = PBXBuildFile; fileRef = CC29D68020962DE600B1E0DD /* AskPermissionsViewController.xib */; };
		CC29D68420963BA700B1E0DD /* HomeInteractor.m in Sources */ = {isa = PBXBuildFile; fileRef = CC29D68320963BA700B1E0DD /* HomeInteractor.m */; };
		CC29D689209648D100B1E0DD /* CalendarViewController.m in Sources */ = {isa = PBXBuildFile; fileRef = CC29D687209648D100B1E0DD /* CalendarViewController.m */; };
		CC29D68A209648D100B1E0DD /* CalendarViewController.xib in Resources */ = {isa = PBXBuildFile; fileRef = CC29D688209648D100B1E0DD /* CalendarViewController.xib */; };
		CCE1DF7F209691B0008C50E6 /* RealmFacade.m in Sources */ = {isa = PBXBuildFile; fileRef = CCE1DF7E209691B0008C50E6 /* RealmFacade.m */; };
		CCE1DF82209692DB008C50E6 /* RealmInteractor.m in Sources */ = {isa = PBXBuildFile; fileRef = CCE1DF81209692DB008C50E6 /* RealmInteractor.m */; };
		CCE1DF85209693C6008C50E6 /* ParserRealm.m in Sources */ = {isa = PBXBuildFile; fileRef = CCE1DF84209693C6008C50E6 /* ParserRealm.m */; };
/* End PBXBuildFile section */

/* Begin PBXFileReference section */
		2C752535F0A6A357DC4C2749 /* Pods-BanRegio.debug.xcconfig */ = {isa = PBXFileReference; includeInIndex = 1; lastKnownFileType = text.xcconfig; name = "Pods-BanRegio.debug.xcconfig"; path = "Pods/Target Support Files/Pods-BanRegio/Pods-BanRegio.debug.xcconfig"; sourceTree = "<group>"; };
		53AD273F428A2485C2932C2F /* libPods-BanRegio.a */ = {isa = PBXFileReference; explicitFileType = archive.ar; includeInIndex = 0; path = "libPods-BanRegio.a"; sourceTree = BUILT_PRODUCTS_DIR; };
		9E9B0227D83E90DBF62D0378 /* Pods-BanRegio.release.xcconfig */ = {isa = PBXFileReference; includeInIndex = 1; lastKnownFileType = text.xcconfig; name = "Pods-BanRegio.release.xcconfig"; path = "Pods/Target Support Files/Pods-BanRegio/Pods-BanRegio.release.xcconfig"; sourceTree = "<group>"; };
		CC29D60420901EC300B1E0DD /* BanRegio.app */ = {isa = PBXFileReference; explicitFileType = wrapper.application; includeInIndex = 0; path = BanRegio.app; sourceTree = BUILT_PRODUCTS_DIR; };
		CC29D60720901EC300B1E0DD /* AppDelegate.h */ = {isa = PBXFileReference; lastKnownFileType = sourcecode.c.h; path = AppDelegate.h; sourceTree = "<group>"; };
		CC29D60820901EC300B1E0DD /* AppDelegate.m */ = {isa = PBXFileReference; lastKnownFileType = sourcecode.c.objc; path = AppDelegate.m; sourceTree = "<group>"; };
		CC29D60A20901EC300B1E0DD /* LoginViewController.h */ = {isa = PBXFileReference; lastKnownFileType = sourcecode.c.h; path = LoginViewController.h; sourceTree = "<group>"; };
		CC29D60B20901EC300B1E0DD /* LoginViewController.m */ = {isa = PBXFileReference; lastKnownFileType = sourcecode.c.objc; path = LoginViewController.m; sourceTree = "<group>"; };
		CC29D61020901EC900B1E0DD /* Assets.xcassets */ = {isa = PBXFileReference; lastKnownFileType = folder.assetcatalog; path = Assets.xcassets; sourceTree = "<group>"; };
		CC29D61320901EC900B1E0DD /* Base */ = {isa = PBXFileReference; lastKnownFileType = file.storyboard; name = Base; path = Base.lproj/LaunchScreen.storyboard; sourceTree = "<group>"; };
		CC29D61520901EC900B1E0DD /* Info.plist */ = {isa = PBXFileReference; lastKnownFileType = text.plist.xml; path = Info.plist; sourceTree = "<group>"; };
		CC29D61620901EC900B1E0DD /* main.m */ = {isa = PBXFileReference; lastKnownFileType = sourcecode.c.objc; path = main.m; sourceTree = "<group>"; };
		CC29D621209032C900B1E0DD /* LoginViewController.xib */ = {isa = PBXFileReference; lastKnownFileType = file.xib; path = LoginViewController.xib; sourceTree = "<group>"; };
		CC29D625209036E300B1E0DD /* Colors.h */ = {isa = PBXFileReference; lastKnownFileType = sourcecode.c.h; path = Colors.h; sourceTree = "<group>"; };
		CC29D626209036E300B1E0DD /* Colors.m */ = {isa = PBXFileReference; lastKnownFileType = sourcecode.c.objc; path = Colors.m; sourceTree = "<group>"; };
		CC29D628209037AC00B1E0DD /* Fonts.h */ = {isa = PBXFileReference; lastKnownFileType = sourcecode.c.h; path = Fonts.h; sourceTree = "<group>"; };
		CC29D629209037AC00B1E0DD /* Fonts.m */ = {isa = PBXFileReference; lastKnownFileType = sourcecode.c.objc; path = Fonts.m; sourceTree = "<group>"; };
		CC29D62B2090390500B1E0DD /* Styles.h */ = {isa = PBXFileReference; lastKnownFileType = sourcecode.c.h; path = Styles.h; sourceTree = "<group>"; };
		CC29D62C2090390500B1E0DD /* Styles.m */ = {isa = PBXFileReference; lastKnownFileType = sourcecode.c.objc; path = Styles.m; sourceTree = "<group>"; };
		CC29D62E2090399200B1E0DD /* PrefixHeader.pch */ = {isa = PBXFileReference; lastKnownFileType = sourcecode.c.h; path = PrefixHeader.pch; sourceTree = "<group>"; };
		CC29D63120903BBD00B1E0DD /* Utils.h */ = {isa = PBXFileReference; lastKnownFileType = sourcecode.c.h; path = Utils.h; sourceTree = "<group>"; };
		CC29D63220903BBD00B1E0DD /* Utils.m */ = {isa = PBXFileReference; lastKnownFileType = sourcecode.c.objc; path = Utils.m; sourceTree = "<group>"; };
		CC29D636209179E200B1E0DD /* es-419 */ = {isa = PBXFileReference; lastKnownFileType = text.plist.strings; name = "es-419"; path = "es-419.lproj/LaunchScreen.strings"; sourceTree = "<group>"; };
		CC29D63B20917AA500B1E0DD /* es-419 */ = {isa = PBXFileReference; lastKnownFileType = text.plist.strings; name = "es-419"; path = "es-419.lproj/Localizable.strings"; sourceTree = "<group>"; };
		CC29D63D20917D1900B1E0DD /* Base */ = {isa = PBXFileReference; lastKnownFileType = text.plist.strings; name = Base; path = Base.lproj/Localizable.strings; sourceTree = "<group>"; };
		CC29D63E2091896000B1E0DD /* UITextForm.h */ = {isa = PBXFileReference; lastKnownFileType = sourcecode.c.h; path = UITextForm.h; sourceTree = "<group>"; };
		CC29D63F2091896000B1E0DD /* UITextForm.m */ = {isa = PBXFileReference; lastKnownFileType = sourcecode.c.objc; path = UITextForm.m; sourceTree = "<group>"; };
		CC29D64120918C2F00B1E0DD /* Constants.h */ = {isa = PBXFileReference; lastKnownFileType = sourcecode.c.h; path = Constants.h; sourceTree = "<group>"; };
		CC29D64220918C2F00B1E0DD /* Constants.m */ = {isa = PBXFileReference; lastKnownFileType = sourcecode.c.objc; path = Constants.m; sourceTree = "<group>"; };
		CC29D6452092C22F00B1E0DD /* WSCaller.h */ = {isa = PBXFileReference; lastKnownFileType = sourcecode.c.h; path = WSCaller.h; sourceTree = "<group>"; };
		CC29D6462092C22F00B1E0DD /* WSCaller.m */ = {isa = PBXFileReference; lastKnownFileType = sourcecode.c.objc; path = WSCaller.m; sourceTree = "<group>"; };
		CC29D6482092D29500B1E0DD /* LoginInteractor.h */ = {isa = PBXFileReference; lastKnownFileType = sourcecode.c.h; path = LoginInteractor.h; sourceTree = "<group>"; };
		CC29D6492092D29500B1E0DD /* LoginInteractor.m */ = {isa = PBXFileReference; lastKnownFileType = sourcecode.c.objc; path = LoginInteractor.m; sourceTree = "<group>"; };
		CC29D64B2092D70F00B1E0DD /* SystemConfiguration.framework */ = {isa = PBXFileReference; lastKnownFileType = wrapper.framework; name = SystemConfiguration.framework; path = System/Library/Frameworks/SystemConfiguration.framework; sourceTree = SDKROOT; };
		CC29D64E2092D9E700B1E0DD /* Reachability.h */ = {isa = PBXFileReference; lastKnownFileType = sourcecode.c.h; path = Reachability.h; sourceTree = "<group>"; };
		CC29D64F2092D9E700B1E0DD /* Reachability.m */ = {isa = PBXFileReference; lastKnownFileType = sourcecode.c.objc; path = Reachability.m; sourceTree = "<group>"; };
		CC29D6542092DA8300B1E0DD /* InternetResponse.h */ = {isa = PBXFileReference; lastKnownFileType = sourcecode.c.h; path = InternetResponse.h; sourceTree = "<group>"; };
		CC29D6552092DA8300B1E0DD /* InternetResponse.m */ = {isa = PBXFileReference; lastKnownFileType = sourcecode.c.objc; path = InternetResponse.m; sourceTree = "<group>"; };
		CC29D6582092DCEB00B1E0DD /* TextValidations.h */ = {isa = PBXFileReference; lastKnownFileType = sourcecode.c.h; path = TextValidations.h; sourceTree = "<group>"; };
		CC29D6592092DCEB00B1E0DD /* TextValidations.m */ = {isa = PBXFileReference; lastKnownFileType = sourcecode.c.objc; path = TextValidations.m; sourceTree = "<group>"; };
		CC29D65B2092E74E00B1E0DD /* Animations.h */ = {isa = PBXFileReference; lastKnownFileType = sourcecode.c.h; path = Animations.h; sourceTree = "<group>"; };
		CC29D65C2092E74E00B1E0DD /* Animations.m */ = {isa = PBXFileReference; lastKnownFileType = sourcecode.c.objc; path = Animations.m; sourceTree = "<group>"; };
		CC29D65E2094D11800B1E0DD /* WSFacade.h */ = {isa = PBXFileReference; lastKnownFileType = sourcecode.c.h; path = WSFacade.h; sourceTree = "<group>"; };
		CC29D65F2094D11800B1E0DD /* WSFacade.m */ = {isa = PBXFileReference; lastKnownFileType = sourcecode.c.objc; path = WSFacade.m; sourceTree = "<group>"; };
		CC29D6622094D58D00B1E0DD /* UserVO.h */ = {isa = PBXFileReference; lastKnownFileType = sourcecode.c.h; path = UserVO.h; sourceTree = "<group>"; };
		CC29D6632094D58D00B1E0DD /* UserVO.m */ = {isa = PBXFileReference; lastKnownFileType = sourcecode.c.objc; path = UserVO.m; sourceTree = "<group>"; };
		CC29D6672094EC7C00B1E0DD /* YBHud.h */ = {isa = PBXFileReference; lastKnownFileType = sourcecode.c.h; path = YBHud.h; sourceTree = "<group>"; };
		CC29D6682094EC7C00B1E0DD /* YBHud.m */ = {isa = PBXFileReference; lastKnownFileType = sourcecode.c.objc; path = YBHud.m; sourceTree = "<group>"; };
		CC29D66B2094EE3E00B1E0DD /* HomeViewController.h */ = {isa = PBXFileReference; lastKnownFileType = sourcecode.c.h; path = HomeViewController.h; sourceTree = "<group>"; };
		CC29D66C2094EE3E00B1E0DD /* HomeViewController.m */ = {isa = PBXFileReference; lastKnownFileType = sourcecode.c.objc; path = HomeViewController.m; sourceTree = "<group>"; };
		CC29D66D2094EE3E00B1E0DD /* HomeViewController.xib */ = {isa = PBXFileReference; lastKnownFileType = file.xib; path = HomeViewController.xib; sourceTree = "<group>"; };
		CC29D6722094EEFC00B1E0DD /* AlertViewController.h */ = {isa = PBXFileReference; lastKnownFileType = sourcecode.c.h; path = AlertViewController.h; sourceTree = "<group>"; };
		CC29D6732094EEFC00B1E0DD /* AlertViewController.m */ = {isa = PBXFileReference; lastKnownFileType = sourcecode.c.objc; path = AlertViewController.m; sourceTree = "<group>"; };
		CC29D6742094EEFC00B1E0DD /* AlertViewController.xib */ = {isa = PBXFileReference; lastKnownFileType = file.xib; path = AlertViewController.xib; sourceTree = "<group>"; };
		CC29D67920961FFB00B1E0DD /* AskPermissionsViewController.h */ = {isa = PBXFileReference; lastKnownFileType = sourcecode.c.h; path = AskPermissionsViewController.h; sourceTree = "<group>"; };
		CC29D67A20961FFB00B1E0DD /* AskPermissionsViewController.m */ = {isa = PBXFileReference; lastKnownFileType = sourcecode.c.objc; path = AskPermissionsViewController.m; sourceTree = "<group>"; };
		CC29D67C209627A000B1E0DD /* ActionSheets.h */ = {isa = PBXFileReference; lastKnownFileType = sourcecode.c.h; path = ActionSheets.h; sourceTree = "<group>"; };
		CC29D67D209627A000B1E0DD /* ActionSheets.m */ = {isa = PBXFileReference; lastKnownFileType = sourcecode.c.objc; path = ActionSheets.m; sourceTree = "<group>"; };
		CC29D68020962DE600B1E0DD /* AskPermissionsViewController.xib */ = {isa = PBXFileReference; lastKnownFileType = file.xib; path = AskPermissionsViewController.xib; sourceTree = "<group>"; };
		CC29D68220963BA700B1E0DD /* HomeInteractor.h */ = {isa = PBXFileReference; lastKnownFileType = sourcecode.c.h; path = HomeInteractor.h; sourceTree = "<group>"; };
		CC29D68320963BA700B1E0DD /* HomeInteractor.m */ = {isa = PBXFileReference; lastKnownFileType = sourcecode.c.objc; path = HomeInteractor.m; sourceTree = "<group>"; };
		CC29D686209648D100B1E0DD /* CalendarViewController.h */ = {isa = PBXFileReference; lastKnownFileType = sourcecode.c.h; name = CalendarViewController.h; path = BanRegio/ViewController/Calendar/CalendarViewController.h; sourceTree = SOURCE_ROOT; };
		CC29D687209648D100B1E0DD /* CalendarViewController.m */ = {isa = PBXFileReference; lastKnownFileType = sourcecode.c.objc; name = CalendarViewController.m; path = BanRegio/ViewController/Calendar/CalendarViewController.m; sourceTree = SOURCE_ROOT; };
		CC29D688209648D100B1E0DD /* CalendarViewController.xib */ = {isa = PBXFileReference; lastKnownFileType = file.xib; name = CalendarViewController.xib; path = BanRegio/ViewController/Home/CalendarViewController.xib; sourceTree = SOURCE_ROOT; };
		CCE1DF7D209691B0008C50E6 /* RealmFacade.h */ = {isa = PBXFileReference; lastKnownFileType = sourcecode.c.h; path = RealmFacade.h; sourceTree = "<group>"; };
		CCE1DF7E209691B0008C50E6 /* RealmFacade.m */ = {isa = PBXFileReference; lastKnownFileType = sourcecode.c.objc; path = RealmFacade.m; sourceTree = "<group>"; };
		CCE1DF80209692DB008C50E6 /* RealmInteractor.h */ = {isa = PBXFileReference; lastKnownFileType = sourcecode.c.h; path = RealmInteractor.h; sourceTree = "<group>"; };
		CCE1DF81209692DB008C50E6 /* RealmInteractor.m */ = {isa = PBXFileReference; lastKnownFileType = sourcecode.c.objc; path = RealmInteractor.m; sourceTree = "<group>"; };
		CCE1DF83209693C6008C50E6 /* ParserRealm.h */ = {isa = PBXFileReference; lastKnownFileType = sourcecode.c.h; path = ParserRealm.h; sourceTree = "<group>"; };
		CCE1DF84209693C6008C50E6 /* ParserRealm.m */ = {isa = PBXFileReference; lastKnownFileType = sourcecode.c.objc; path = ParserRealm.m; sourceTree = "<group>"; };
/* End PBXFileReference section */

/* Begin PBXFrameworksBuildPhase section */
		CC29D60120901EC300B1E0DD /* Frameworks */ = {
			isa = PBXFrameworksBuildPhase;
			buildActionMask = 2147483647;
			files = (
				CC29D64C2092D70F00B1E0DD /* SystemConfiguration.framework in Frameworks */,
				524EB63F69BE1510BEB0BA39 /* libPods-BanRegio.a in Frameworks */,
			);
			runOnlyForDeploymentPostprocessing = 0;
		};
/* End PBXFrameworksBuildPhase section */

/* Begin PBXGroup section */
		90159F48E48C01FD76D13C43 /* Pods */ = {
			isa = PBXGroup;
			children = (
				2C752535F0A6A357DC4C2749 /* Pods-BanRegio.debug.xcconfig */,
				9E9B0227D83E90DBF62D0378 /* Pods-BanRegio.release.xcconfig */,
			);
			name = Pods;
			sourceTree = "<group>";
		};
		B970A9198C78CA8E701729C3 /* Frameworks */ = {
			isa = PBXGroup;
			children = (
				CC29D64B2092D70F00B1E0DD /* SystemConfiguration.framework */,
				53AD273F428A2485C2932C2F /* libPods-BanRegio.a */,
			);
			name = Frameworks;
			sourceTree = "<group>";
		};
		CC29D5FB20901EC300B1E0DD = {
			isa = PBXGroup;
			children = (
				CC29D60620901EC300B1E0DD /* BanRegio */,
				CC29D60520901EC300B1E0DD /* Products */,
				90159F48E48C01FD76D13C43 /* Pods */,
				B970A9198C78CA8E701729C3 /* Frameworks */,
			);
			sourceTree = "<group>";
		};
		CC29D60520901EC300B1E0DD /* Products */ = {
			isa = PBXGroup;
			children = (
				CC29D60420901EC300B1E0DD /* BanRegio.app */,
			);
			name = Products;
			sourceTree = "<group>";
		};
		CC29D60620901EC300B1E0DD /* BanRegio */ = {
			isa = PBXGroup;
			children = (
				CC29D6652094EC4300B1E0DD /* Frameworks */,
				CC29D62F20903B6700B1E0DD /* Bussiness */,
				CC29D61F2090211000B1E0DD /* Resources */,
				CC29D61D209020CF00B1E0DD /* ViewController */,
				CC29D61520901EC900B1E0DD /* Info.plist */,
				CC29D61620901EC900B1E0DD /* main.m */,
				CC29D62E2090399200B1E0DD /* PrefixHeader.pch */,
			);
			path = BanRegio;
			sourceTree = "<group>";
		};
		CC29D61D209020CF00B1E0DD /* ViewController */ = {
			isa = PBXGroup;
			children = (
				CC29D68B209648D800B1E0DD /* Calendar */,
				CC29D6772094EF0600B1E0DD /* Alert */,
				CC29D6702094EE4400B1E0DD /* Home */,
				CC29D6352091749F00B1E0DD /* Login */,
				CC29D61E209020D700B1E0DD /* Main */,
			);
			path = ViewController;
			sourceTree = "<group>";
		};
		CC29D61E209020D700B1E0DD /* Main */ = {
			isa = PBXGroup;
			children = (
				CC29D60720901EC300B1E0DD /* AppDelegate.h */,
				CC29D60820901EC300B1E0DD /* AppDelegate.m */,
			);
			path = Main;
			sourceTree = "<group>";
		};
		CC29D61F2090211000B1E0DD /* Resources */ = {
			isa = PBXGroup;
			children = (
				CC29D6242090368800B1E0DD /* Styles */,
				CC29D6232090365F00B1E0DD /* Views */,
				CC29D61020901EC900B1E0DD /* Assets.xcassets */,
			);
			path = Resources;
			sourceTree = "<group>";
		};
		CC29D6202090213200B1E0DD /* Main */ = {
			isa = PBXGroup;
			children = (
				CC29D61220901EC900B1E0DD /* LaunchScreen.storyboard */,
			);
			path = Main;
			sourceTree = "<group>";
		};
		CC29D6232090365F00B1E0DD /* Views */ = {
			isa = PBXGroup;
			children = (
				CC29D685209648AF00B1E0DD /* Calendar */,
				CC29D67F20962D9F00B1E0DD /* Permissions */,
				CC29D6712094EEE800B1E0DD /* Alert */,
				CC29D66A2094EE2200B1E0DD /* Home */,
				CC29D6342091748A00B1E0DD /* Login */,
				CC29D6202090213200B1E0DD /* Main */,
			);
			path = Views;
			sourceTree = "<group>";
		};
		CC29D6242090368800B1E0DD /* Styles */ = {
			isa = PBXGroup;
			children = (
				CC29D625209036E300B1E0DD /* Colors.h */,
				CC29D626209036E300B1E0DD /* Colors.m */,
				CC29D628209037AC00B1E0DD /* Fonts.h */,
				CC29D629209037AC00B1E0DD /* Fonts.m */,
				CC29D62B2090390500B1E0DD /* Styles.h */,
				CC29D62C2090390500B1E0DD /* Styles.m */,
				CC29D63E2091896000B1E0DD /* UITextForm.h */,
				CC29D63F2091896000B1E0DD /* UITextForm.m */,
			);
			path = Styles;
			sourceTree = "<group>";
		};
		CC29D62F20903B6700B1E0DD /* Bussiness */ = {
			isa = PBXGroup;
			children = (
				CCE1DF7C2096911E008C50E6 /* Realm */,
				CC29D6612094D55D00B1E0DD /* Model */,
				CC29D6442092C20A00B1E0DD /* WebServices */,
				CC29D63720917A3100B1E0DD /* Localization */,
				CC29D63020903B7D00B1E0DD /* Utils */,
			);
			path = Bussiness;
			sourceTree = "<group>";
		};
		CC29D63020903B7D00B1E0DD /* Utils */ = {
			isa = PBXGroup;
			children = (
				CC29D67820961FA900B1E0DD /* Permissions */,
				CC29D6572092DCCC00B1E0DD /* UI */,
				CC29D64D2092D9BF00B1E0DD /* Reachability */,
				CC29D63120903BBD00B1E0DD /* Utils.h */,
				CC29D63220903BBD00B1E0DD /* Utils.m */,
				CC29D64120918C2F00B1E0DD /* Constants.h */,
				CC29D64220918C2F00B1E0DD /* Constants.m */,
				CC29D65B2092E74E00B1E0DD /* Animations.h */,
				CC29D65C2092E74E00B1E0DD /* Animations.m */,
				CC29D67C209627A000B1E0DD /* ActionSheets.h */,
				CC29D67D209627A000B1E0DD /* ActionSheets.m */,
			);
			path = Utils;
			sourceTree = "<group>";
		};
		CC29D6342091748A00B1E0DD /* Login */ = {
			isa = PBXGroup;
			children = (
				CC29D621209032C900B1E0DD /* LoginViewController.xib */,
			);
			path = Login;
			sourceTree = "<group>";
		};
		CC29D6352091749F00B1E0DD /* Login */ = {
			isa = PBXGroup;
			children = (
				CC29D60A20901EC300B1E0DD /* LoginViewController.h */,
				CC29D60B20901EC300B1E0DD /* LoginViewController.m */,
				CC29D6482092D29500B1E0DD /* LoginInteractor.h */,
				CC29D6492092D29500B1E0DD /* LoginInteractor.m */,
			);
			path = Login;
			sourceTree = "<group>";
		};
		CC29D63720917A3100B1E0DD /* Localization */ = {
			isa = PBXGroup;
			children = (
				CC29D63C20917AA500B1E0DD /* Localizable.strings */,
			);
			path = Localization;
			sourceTree = "<group>";
		};
		CC29D6442092C20A00B1E0DD /* WebServices */ = {
			isa = PBXGroup;
			children = (
				CC29D6452092C22F00B1E0DD /* WSCaller.h */,
				CC29D6462092C22F00B1E0DD /* WSCaller.m */,
				CC29D65E2094D11800B1E0DD /* WSFacade.h */,
				CC29D65F2094D11800B1E0DD /* WSFacade.m */,
			);
			path = WebServices;
			sourceTree = "<group>";
		};
		CC29D64D2092D9BF00B1E0DD /* Reachability */ = {
			isa = PBXGroup;
			children = (
				CC29D64E2092D9E700B1E0DD /* Reachability.h */,
				CC29D64F2092D9E700B1E0DD /* Reachability.m */,
				CC29D6542092DA8300B1E0DD /* InternetResponse.h */,
				CC29D6552092DA8300B1E0DD /* InternetResponse.m */,
			);
			path = Reachability;
			sourceTree = "<group>";
		};
		CC29D6572092DCCC00B1E0DD /* UI */ = {
			isa = PBXGroup;
			children = (
				CC29D6582092DCEB00B1E0DD /* TextValidations.h */,
				CC29D6592092DCEB00B1E0DD /* TextValidations.m */,
			);
			path = UI;
			sourceTree = "<group>";
		};
		CC29D6612094D55D00B1E0DD /* Model */ = {
			isa = PBXGroup;
			children = (
				CC29D6622094D58D00B1E0DD /* UserVO.h */,
				CC29D6632094D58D00B1E0DD /* UserVO.m */,
			);
			path = Model;
			sourceTree = "<group>";
		};
		CC29D6652094EC4300B1E0DD /* Frameworks */ = {
			isa = PBXGroup;
			children = (
				CC29D6662094EC6000B1E0DD /* Loader */,
			);
			path = Frameworks;
			sourceTree = "<group>";
		};
		CC29D6662094EC6000B1E0DD /* Loader */ = {
			isa = PBXGroup;
			children = (
				CC29D6672094EC7C00B1E0DD /* YBHud.h */,
				CC29D6682094EC7C00B1E0DD /* YBHud.m */,
			);
			path = Loader;
			sourceTree = "<group>";
		};
		CC29D66A2094EE2200B1E0DD /* Home */ = {
			isa = PBXGroup;
			children = (
				CC29D66D2094EE3E00B1E0DD /* HomeViewController.xib */,
			);
			path = Home;
			sourceTree = "<group>";
		};
		CC29D6702094EE4400B1E0DD /* Home */ = {
			isa = PBXGroup;
			children = (
				CC29D66B2094EE3E00B1E0DD /* HomeViewController.h */,
				CC29D66C2094EE3E00B1E0DD /* HomeViewController.m */,
				CC29D68220963BA700B1E0DD /* HomeInteractor.h */,
				CC29D68320963BA700B1E0DD /* HomeInteractor.m */,
			);
			path = Home;
			sourceTree = "<group>";
		};
		CC29D6712094EEE800B1E0DD /* Alert */ = {
			isa = PBXGroup;
			children = (
				CC29D6742094EEFC00B1E0DD /* AlertViewController.xib */,
			);
			path = Alert;
			sourceTree = "<group>";
		};
		CC29D6772094EF0600B1E0DD /* Alert */ = {
			isa = PBXGroup;
			children = (
				CC29D6722094EEFC00B1E0DD /* AlertViewController.h */,
				CC29D6732094EEFC00B1E0DD /* AlertViewController.m */,
			);
			path = Alert;
			sourceTree = "<group>";
		};
		CC29D67820961FA900B1E0DD /* Permissions */ = {
			isa = PBXGroup;
			children = (
				CC29D67920961FFB00B1E0DD /* AskPermissionsViewController.h */,
				CC29D67A20961FFB00B1E0DD /* AskPermissionsViewController.m */,
			);
			path = Permissions;
			sourceTree = "<group>";
		};
		CC29D67F20962D9F00B1E0DD /* Permissions */ = {
			isa = PBXGroup;
			children = (
				CC29D68020962DE600B1E0DD /* AskPermissionsViewController.xib */,
			);
			path = Permissions;
			sourceTree = "<group>";
		};
		CC29D685209648AF00B1E0DD /* Calendar */ = {
			isa = PBXGroup;
			children = (
				CC29D688209648D100B1E0DD /* CalendarViewController.xib */,
			);
			path = Calendar;
			sourceTree = "<group>";
		};
		CC29D68B209648D800B1E0DD /* Calendar */ = {
			isa = PBXGroup;
			children = (
				CC29D686209648D100B1E0DD /* CalendarViewController.h */,
				CC29D687209648D100B1E0DD /* CalendarViewController.m */,
			);
			path = Calendar;
			sourceTree = "<group>";
		};
		CCE1DF7C2096911E008C50E6 /* Realm */ = {
			isa = PBXGroup;
			children = (
				CCE1DF7D209691B0008C50E6 /* RealmFacade.h */,
				CCE1DF7E209691B0008C50E6 /* RealmFacade.m */,
				CCE1DF80209692DB008C50E6 /* RealmInteractor.h */,
				CCE1DF81209692DB008C50E6 /* RealmInteractor.m */,
				CCE1DF83209693C6008C50E6 /* ParserRealm.h */,
				CCE1DF84209693C6008C50E6 /* ParserRealm.m */,
			);
			path = Realm;
			sourceTree = "<group>";
		};
/* End PBXGroup section */

/* Begin PBXNativeTarget section */
		CC29D60320901EC300B1E0DD /* BanRegio */ = {
			isa = PBXNativeTarget;
			buildConfigurationList = CC29D61A20901EC900B1E0DD /* Build configuration list for PBXNativeTarget "BanRegio" */;
			buildPhases = (
				BCCE2AE53A5DBC7F6F5BD1B0 /* [CP] Check Pods Manifest.lock */,
				CC29D60020901EC300B1E0DD /* Sources */,
				CC29D60120901EC300B1E0DD /* Frameworks */,
				CC29D60220901EC300B1E0DD /* Resources */,
			);
			buildRules = (
			);
			dependencies = (
			);
			name = BanRegio;
			productName = BanRegio;
			productReference = CC29D60420901EC300B1E0DD /* BanRegio.app */;
			productType = "com.apple.product-type.application";
		};
/* End PBXNativeTarget section */

/* Begin PBXProject section */
		CC29D5FC20901EC300B1E0DD /* Project object */ = {
			isa = PBXProject;
			attributes = {
				LastUpgradeCheck = 0930;
				ORGANIZATIONNAME = "Erick Alberto Morales Ledesma";
				TargetAttributes = {
					CC29D60320901EC300B1E0DD = {
						CreatedOnToolsVersion = 9.3;
					};
				};
			};
			buildConfigurationList = CC29D5FF20901EC300B1E0DD /* Build configuration list for PBXProject "BanRegio" */;
			compatibilityVersion = "Xcode 9.3";
			developmentRegion = en;
			hasScannedForEncodings = 0;
			knownRegions = (
				Base,
			);
			mainGroup = CC29D5FB20901EC300B1E0DD;
			productRefGroup = CC29D60520901EC300B1E0DD /* Products */;
			projectDirPath = "";
			projectRoot = "";
			targets = (
				CC29D60320901EC300B1E0DD /* BanRegio */,
			);
		};
/* End PBXProject section */

/* Begin PBXResourcesBuildPhase section */
		CC29D60220901EC300B1E0DD /* Resources */ = {
			isa = PBXResourcesBuildPhase;
			buildActionMask = 2147483647;
			files = (
				CC29D68120962DE600B1E0DD /* AskPermissionsViewController.xib in Resources */,
				CC29D61420901EC900B1E0DD /* LaunchScreen.storyboard in Resources */,
				CC29D63A20917AA500B1E0DD /* Localizable.strings in Resources */,
				CC29D66F2094EE3E00B1E0DD /* HomeViewController.xib in Resources */,
				CC29D68A209648D100B1E0DD /* CalendarViewController.xib in Resources */,
				CC29D61120901EC900B1E0DD /* Assets.xcassets in Resources */,
				CC29D622209032C900B1E0DD /* LoginViewController.xib in Resources */,
				CC29D6762094EEFC00B1E0DD /* AlertViewController.xib in Resources */,
			);
			runOnlyForDeploymentPostprocessing = 0;
		};
/* End PBXResourcesBuildPhase section */

/* Begin PBXShellScriptBuildPhase section */
		BCCE2AE53A5DBC7F6F5BD1B0 /* [CP] Check Pods Manifest.lock */ = {
			isa = PBXShellScriptBuildPhase;
			buildActionMask = 2147483647;
			files = (
			);
			inputPaths = (
				"${PODS_PODFILE_DIR_PATH}/Podfile.lock",
				"${PODS_ROOT}/Manifest.lock",
			);
			name = "[CP] Check Pods Manifest.lock";
			outputPaths = (
				"$(DERIVED_FILE_DIR)/Pods-BanRegio-checkManifestLockResult.txt",
			);
			runOnlyForDeploymentPostprocessing = 0;
			shellPath = /bin/sh;
			shellScript = "diff \"${PODS_PODFILE_DIR_PATH}/Podfile.lock\" \"${PODS_ROOT}/Manifest.lock\" > /dev/null\nif [ $? != 0 ] ; then\n    # print error to STDERR\n    echo \"error: The sandbox is not in sync with the Podfile.lock. Run 'pod install' or update your CocoaPods installation.\" >&2\n    exit 1\nfi\n# This output is used by Xcode 'outputs' to avoid re-running this script phase.\necho \"SUCCESS\" > \"${SCRIPT_OUTPUT_FILE_0}\"\n";
			showEnvVarsInLog = 0;
		};
/* End PBXShellScriptBuildPhase section */

/* Begin PBXSourcesBuildPhase section */
		CC29D60020901EC300B1E0DD /* Sources */ = {
			isa = PBXSourcesBuildPhase;
			buildActionMask = 2147483647;
			files = (
				CC29D6692094EC7C00B1E0DD /* YBHud.m in Sources */,
				CC29D6562092DA8300B1E0DD /* InternetResponse.m in Sources */,
				CC29D67B20961FFB00B1E0DD /* AskPermissionsViewController.m in Sources */,
				CC29D60C20901EC300B1E0DD /* LoginViewController.m in Sources */,
				CCE1DF85209693C6008C50E6 /* ParserRealm.m in Sources */,
				CC29D689209648D100B1E0DD /* CalendarViewController.m in Sources */,
				CC29D627209036E300B1E0DD /* Colors.m in Sources */,
				CCE1DF82209692DB008C50E6 /* RealmInteractor.m in Sources */,
				CC29D6602094D11800B1E0DD /* WSFacade.m in Sources */,
				CC29D61720901EC900B1E0DD /* main.m in Sources */,
				CC29D62D2090390500B1E0DD /* Styles.m in Sources */,
				CC29D60920901EC300B1E0DD /* AppDelegate.m in Sources */,
				CC29D67E209627A000B1E0DD /* ActionSheets.m in Sources */,
				CC29D64A2092D29500B1E0DD /* LoginInteractor.m in Sources */,
				CC29D63320903BBD00B1E0DD /* Utils.m in Sources */,
				CC29D6402091896000B1E0DD /* UITextForm.m in Sources */,
				CCE1DF7F209691B0008C50E6 /* RealmFacade.m in Sources */,
				CC29D6752094EEFC00B1E0DD /* AlertViewController.m in Sources */,
				CC29D65A2092DCEB00B1E0DD /* TextValidations.m in Sources */,
				CC29D62A209037AC00B1E0DD /* Fonts.m in Sources */,
				CC29D6472092C22F00B1E0DD /* WSCaller.m in Sources */,
				CC29D65D2092E74E00B1E0DD /* Animations.m in Sources */,
				CC29D6502092D9E700B1E0DD /* Reachability.m in Sources */,
				CC29D68420963BA700B1E0DD /* HomeInteractor.m in Sources */,
				CC29D6642094D58D00B1E0DD /* UserVO.m in Sources */,
				CC29D66E2094EE3E00B1E0DD /* HomeViewController.m in Sources */,
				CC29D64320918C2F00B1E0DD /* Constants.m in Sources */,
			);
			runOnlyForDeploymentPostprocessing = 0;
		};
/* End PBXSourcesBuildPhase section */

/* Begin PBXVariantGroup section */
		CC29D61220901EC900B1E0DD /* LaunchScreen.storyboard */ = {
			isa = PBXVariantGroup;
			children = (
				CC29D61320901EC900B1E0DD /* Base */,
				CC29D636209179E200B1E0DD /* es-419 */,
			);
			name = LaunchScreen.storyboard;
			sourceTree = "<group>";
		};
		CC29D63C20917AA500B1E0DD /* Localizable.strings */ = {
			isa = PBXVariantGroup;
			children = (
				CC29D63B20917AA500B1E0DD /* es-419 */,
				CC29D63D20917D1900B1E0DD /* Base */,
			);
			name = Localizable.strings;
			sourceTree = "<group>";
		};
/* End PBXVariantGroup section */

/* Begin XCBuildConfiguration section */
		CC29D61820901EC900B1E0DD /* Debug */ = {
			isa = XCBuildConfiguration;
			buildSettings = {
				ALWAYS_SEARCH_USER_PATHS = NO;
				CLANG_ANALYZER_LOCALIZABILITY_NONLOCALIZED = YES;
				CLANG_ANALYZER_NONNULL = YES;
				CLANG_ANALYZER_NUMBER_OBJECT_CONVERSION = YES_AGGRESSIVE;
				CLANG_CXX_LANGUAGE_STANDARD = "gnu++14";
				CLANG_CXX_LIBRARY = "libc++";
				CLANG_ENABLE_MODULES = YES;
				CLANG_ENABLE_OBJC_ARC = YES;
				CLANG_ENABLE_OBJC_WEAK = YES;
				CLANG_WARN_BLOCK_CAPTURE_AUTORELEASING = YES;
				CLANG_WARN_BOOL_CONVERSION = YES;
				CLANG_WARN_COMMA = YES;
				CLANG_WARN_CONSTANT_CONVERSION = YES;
				CLANG_WARN_DEPRECATED_OBJC_IMPLEMENTATIONS = YES;
				CLANG_WARN_DIRECT_OBJC_ISA_USAGE = YES_ERROR;
				CLANG_WARN_DOCUMENTATION_COMMENTS = YES;
				CLANG_WARN_EMPTY_BODY = YES;
				CLANG_WARN_ENUM_CONVERSION = YES;
				CLANG_WARN_INFINITE_RECURSION = YES;
				CLANG_WARN_INT_CONVERSION = YES;
				CLANG_WARN_NON_LITERAL_NULL_CONVERSION = YES;
				CLANG_WARN_OBJC_IMPLICIT_RETAIN_SELF = YES;
				CLANG_WARN_OBJC_LITERAL_CONVERSION = YES;
				CLANG_WARN_OBJC_ROOT_CLASS = YES_ERROR;
				CLANG_WARN_RANGE_LOOP_ANALYSIS = YES;
				CLANG_WARN_STRICT_PROTOTYPES = YES;
				CLANG_WARN_SUSPICIOUS_MOVE = YES;
				CLANG_WARN_UNGUARDED_AVAILABILITY = YES_AGGRESSIVE;
				CLANG_WARN_UNREACHABLE_CODE = YES;
				CLANG_WARN__DUPLICATE_METHOD_MATCH = YES;
				CODE_SIGN_IDENTITY = "iPhone Developer";
				COPY_PHASE_STRIP = NO;
				DEBUG_INFORMATION_FORMAT = dwarf;
				ENABLE_STRICT_OBJC_MSGSEND = YES;
				ENABLE_TESTABILITY = YES;
				GCC_C_LANGUAGE_STANDARD = gnu11;
				GCC_DYNAMIC_NO_PIC = NO;
				GCC_NO_COMMON_BLOCKS = YES;
				GCC_OPTIMIZATION_LEVEL = 0;
				GCC_PREPROCESSOR_DEFINITIONS = (
					"DEBUG=1",
					"$(inherited)",
				);
				GCC_WARN_64_TO_32_BIT_CONVERSION = YES;
				GCC_WARN_ABOUT_RETURN_TYPE = YES_ERROR;
				GCC_WARN_UNDECLARED_SELECTOR = YES;
				GCC_WARN_UNINITIALIZED_AUTOS = YES_AGGRESSIVE;
				GCC_WARN_UNUSED_FUNCTION = YES;
				GCC_WARN_UNUSED_VARIABLE = YES;
				IPHONEOS_DEPLOYMENT_TARGET = 11.3;
				MTL_ENABLE_DEBUG_INFO = YES;
				ONLY_ACTIVE_ARCH = YES;
				SDKROOT = iphoneos;
			};
			name = Debug;
		};
		CC29D61920901EC900B1E0DD /* Release */ = {
			isa = XCBuildConfiguration;
			buildSettings = {
				ALWAYS_SEARCH_USER_PATHS = NO;
				CLANG_ANALYZER_LOCALIZABILITY_NONLOCALIZED = YES;
				CLANG_ANALYZER_NONNULL = YES;
				CLANG_ANALYZER_NUMBER_OBJECT_CONVERSION = YES_AGGRESSIVE;
				CLANG_CXX_LANGUAGE_STANDARD = "gnu++14";
				CLANG_CXX_LIBRARY = "libc++";
				CLANG_ENABLE_MODULES = YES;
				CLANG_ENABLE_OBJC_ARC = YES;
				CLANG_ENABLE_OBJC_WEAK = YES;
				CLANG_WARN_BLOCK_CAPTURE_AUTORELEASING = YES;
				CLANG_WARN_BOOL_CONVERSION = YES;
				CLANG_WARN_COMMA = YES;
				CLANG_WARN_CONSTANT_CONVERSION = YES;
				CLANG_WARN_DEPRECATED_OBJC_IMPLEMENTATIONS = YES;
				CLANG_WARN_DIRECT_OBJC_ISA_USAGE = YES_ERROR;
				CLANG_WARN_DOCUMENTATION_COMMENTS = YES;
				CLANG_WARN_EMPTY_BODY = YES;
				CLANG_WARN_ENUM_CONVERSION = YES;
				CLANG_WARN_INFINITE_RECURSION = YES;
				CLANG_WARN_INT_CONVERSION = YES;
				CLANG_WARN_NON_LITERAL_NULL_CONVERSION = YES;
				CLANG_WARN_OBJC_IMPLICIT_RETAIN_SELF = YES;
				CLANG_WARN_OBJC_LITERAL_CONVERSION = YES;
				CLANG_WARN_OBJC_ROOT_CLASS = YES_ERROR;
				CLANG_WARN_RANGE_LOOP_ANALYSIS = YES;
				CLANG_WARN_STRICT_PROTOTYPES = YES;
				CLANG_WARN_SUSPICIOUS_MOVE = YES;
				CLANG_WARN_UNGUARDED_AVAILABILITY = YES_AGGRESSIVE;
				CLANG_WARN_UNREACHABLE_CODE = YES;
				CLANG_WARN__DUPLICATE_METHOD_MATCH = YES;
				CODE_SIGN_IDENTITY = "iPhone Developer";
				COPY_PHASE_STRIP = NO;
				DEBUG_INFORMATION_FORMAT = "dwarf-with-dsym";
				ENABLE_NS_ASSERTIONS = NO;
				ENABLE_STRICT_OBJC_MSGSEND = YES;
				GCC_C_LANGUAGE_STANDARD = gnu11;
				GCC_NO_COMMON_BLOCKS = YES;
				GCC_WARN_64_TO_32_BIT_CONVERSION = YES;
				GCC_WARN_ABOUT_RETURN_TYPE = YES_ERROR;
				GCC_WARN_UNDECLARED_SELECTOR = YES;
				GCC_WARN_UNINITIALIZED_AUTOS = YES_AGGRESSIVE;
				GCC_WARN_UNUSED_FUNCTION = YES;
				GCC_WARN_UNUSED_VARIABLE = YES;
				IPHONEOS_DEPLOYMENT_TARGET = 11.3;
				MTL_ENABLE_DEBUG_INFO = NO;
				SDKROOT = iphoneos;
				VALIDATE_PRODUCT = YES;
			};
			name = Release;
		};
		CC29D61B20901EC900B1E0DD /* Debug */ = {
			isa = XCBuildConfiguration;
			baseConfigurationReference = 2C752535F0A6A357DC4C2749 /* Pods-BanRegio.debug.xcconfig */;
			buildSettings = {
				ASSETCATALOG_COMPILER_APPICON_NAME = AppIcon;
				CODE_SIGN_STYLE = Automatic;
				DEVELOPMENT_TEAM = 87TEAXQ585;
				GCC_PREFIX_HEADER = "$(SRCROOT)/BanRegio/PrefixHeader.pch";
				INFOPLIST_FILE = BanRegio/Info.plist;
				LD_RUNPATH_SEARCH_PATHS = (
					"$(inherited)",
					"@executable_path/Frameworks",
				);
				PRODUCT_BUNDLE_IDENTIFIER = ErickMoralesL.BanRegio;
				PRODUCT_NAME = "$(TARGET_NAME)";
				TARGETED_DEVICE_FAMILY = 1;
			};
			name = Debug;
		};
		CC29D61C20901EC900B1E0DD /* Release */ = {
			isa = XCBuildConfiguration;
			baseConfigurationReference = 9E9B0227D83E90DBF62D0378 /* Pods-BanRegio.release.xcconfig */;
			buildSettings = {
				ASSETCATALOG_COMPILER_APPICON_NAME = AppIcon;
				CODE_SIGN_STYLE = Automatic;
				DEVELOPMENT_TEAM = 87TEAXQ585;
				GCC_PREFIX_HEADER = "$(SRCROOT)/BanRegio/PrefixHeader.pch";
				INFOPLIST_FILE = BanRegio/Info.plist;
				LD_RUNPATH_SEARCH_PATHS = (
					"$(inherited)",
					"@executable_path/Frameworks",
				);
				PRODUCT_BUNDLE_IDENTIFIER = ErickMoralesL.BanRegio;
				PRODUCT_NAME = "$(TARGET_NAME)";
				TARGETED_DEVICE_FAMILY = 1;
			};
			name = Release;
		};
/* End XCBuildConfiguration section */

/* Begin XCConfigurationList section */
		CC29D5FF20901EC300B1E0DD /* Build configuration list for PBXProject "BanRegio" */ = {
			isa = XCConfigurationList;
			buildConfigurations = (
				CC29D61820901EC900B1E0DD /* Debug */,
				CC29D61920901EC900B1E0DD /* Release */,
			);
			defaultConfigurationIsVisible = 0;
			defaultConfigurationName = Release;
		};
		CC29D61A20901EC900B1E0DD /* Build configuration list for PBXNativeTarget "BanRegio" */ = {
			isa = XCConfigurationList;
			buildConfigurations = (
				CC29D61B20901EC900B1E0DD /* Debug */,
				CC29D61C20901EC900B1E0DD /* Release */,
			);
			defaultConfigurationIsVisible = 0;
			defaultConfigurationName = Release;
		};
/* End XCConfigurationList section */
	};
	rootObject = CC29D5FC20901EC300B1E0DD /* Project object */;
}
